
Microsoft Visual Studio Solution File, Format Version 12.00
# Visual Studio Version 16
VisualStudioVersion = 16.0.30104.148
MinimumVisualStudioVersion = 10.0.40219.1
Project("{FAE04EC0-301F-11D3-BF4B-00C04F79EFBC}") = "API", "API\API.csproj", "{C22182BF-6410-4B74-9584-169797B8853C}"
EndProject
Global
	GlobalSection(SolutionConfigurationPlatforms) = preSolution
		Debug|Any CPU = Debug|Any CPU
		Release|Any CPU = Release|Any CPU
	EndGlobalSection
	GlobalSection(ProjectConfigurationPlatforms) = postSolution
		{C22182BF-6410-4B74-9584-169797B8853C}.Debug|Any CPU.ActiveCfg = Debug|Any CPU
		{C22182BF-6410-4B74-9584-169797B8853C}.Debug|Any CPU.Build.0 = Debug|Any CPU
		{C22182BF-6410-4B74-9584-169797B8853C}.Release|Any CPU.ActiveCfg = Release|Any CPU
		{C22182BF-6410-4B74-9584-169797B8853C}.Release|Any CPU.Build.0 = Release|Any CPU
	EndGlobalSection
	GlobalSection(SolutionProperties) = preSolution
		HideSolutionNode = FALSE
	EndGlobalSection
	GlobalSection(ExtensibilityGlobals) = postSolution
		SolutionGuid = {F1DF3687-000A-4609-ACE5-09A0F88FEEBB}
	EndGlobalSection
EndGlobal
